
Microsoft Visual Studio Solution File, Format Version 12.00
# Visual Studio Version 17
VisualStudioVersion = 17.6.33815.320
MinimumVisualStudioVersion = 10.0.40219.1
Project("{FAE04EC0-301F-11D3-BF4B-00C04F79EFBC}") = "BaseAzureStorage", "BaseAzureStorage\BaseAzureStorage.csproj", "{28AEE663-D341-491B-BAA2-A6100AA4D2A0}"
EndProject
Global
	GlobalSection(SolutionConfigurationPlatforms) = preSolution
		Debug|Any CPU = Debug|Any CPU
		Release|Any CPU = Release|Any CPU
	EndGlobalSection
	GlobalSection(ProjectConfigurationPlatforms) = postSolution
		{28AEE663-D341-491B-BAA2-A6100AA4D2A0}.Debug|Any CPU.ActiveCfg = Debug|Any CPU
		{28AEE663-D341-491B-BAA2-A6100AA4D2A0}.Debug|Any CPU.Build.0 = Debug|Any CPU
		{28AEE663-D341-491B-BAA2-A6100AA4D2A0}.Release|Any CPU.ActiveCfg = Release|Any CPU
		{28AEE663-D341-491B-BAA2-A6100AA4D2A0}.Release|Any CPU.Build.0 = Release|Any CPU
	EndGlobalSection
	GlobalSection(SolutionProperties) = preSolution
		HideSolutionNode = FALSE
	EndGlobalSection
	GlobalSection(ExtensibilityGlobals) = postSolution
		SolutionGuid = {0F54C160-A2CB-4B60-BE57-55CE7E547F4A}
	EndGlobalSection
EndGlobal
